// !$*UTF8*$!
{
	archiveVersion = 1;
	classes = {
	};
	objectVersion = 77;
	objects = {

/* Begin PBXBuildFile section */
		8E3EDCD42D0F7A250060EFAE /* FirebaseDatabase in Frameworks */ = {isa = PBXBuildFile; productRef = 8E3EDCD32D0F7A250060EFAE /* FirebaseDatabase */; };
		8EF097C92CFCE3EC00FDBBA9 /* FirebaseAnalytics in Frameworks */ = {isa = PBXBuildFile; productRef = 8EF097C82CFCE3EC00FDBBA9 /* FirebaseAnalytics */; };
		8EF097CB2CFCE3EC00FDBBA9 /* FirebaseAuth in Frameworks */ = {isa = PBXBuildFile; productRef = 8EF097CA2CFCE3EC00FDBBA9 /* FirebaseAuth */; };
		8EF097CD2CFCE3EC00FDBBA9 /* FirebaseCrashlytics in Frameworks */ = {isa = PBXBuildFile; productRef = 8EF097CC2CFCE3EC00FDBBA9 /* FirebaseCrashlytics */; };
/* End PBXBuildFile section */

/* Begin PBXContainerItemProxy section */
		8EF097922CF8DB3500FDBBA9 /* PBXContainerItemProxy */ = {
			isa = PBXContainerItemProxy;
			containerPortal = 8EF097792CF8DB3400FDBBA9 /* Project object */;
			proxyType = 1;
			remoteGlobalIDString = 8EF097802CF8DB3400FDBBA9;
			remoteInfo = Ideas;
		};
		8EF0979C2CF8DB3500FDBBA9 /* PBXContainerItemProxy */ = {
			isa = PBXContainerItemProxy;
			containerPortal = 8EF097792CF8DB3400FDBBA9 /* Project object */;
			proxyType = 1;
			remoteGlobalIDString = 8EF097802CF8DB3400FDBBA9;
			remoteInfo = Ideas;
		};
/* End PBXContainerItemProxy section */

/* Begin PBXFileReference section */
		8EF097812CF8DB3400FDBBA9 /* Ideas.app */ = {isa = PBXFileReference; explicitFileType = wrapper.application; includeInIndex = 0; path = Ideas.app; sourceTree = BUILT_PRODUCTS_DIR; };
		8EF097912CF8DB3500FDBBA9 /* IdeasTests.xctest */ = {isa = PBXFileReference; explicitFileType = wrapper.cfbundle; includeInIndex = 0; path = IdeasTests.xctest; sourceTree = BUILT_PRODUCTS_DIR; };
		8EF0979B2CF8DB3500FDBBA9 /* IdeasUITests.xctest */ = {isa = PBXFileReference; explicitFileType = wrapper.cfbundle; includeInIndex = 0; path = IdeasUITests.xctest; sourceTree = BUILT_PRODUCTS_DIR; };
/* End PBXFileReference section */

/* Begin PBXFileSystemSynchronizedRootGroup section */
		8EF097832CF8DB3400FDBBA9 /* Ideas */ = {
			isa = PBXFileSystemSynchronizedRootGroup;
			path = Ideas;
			sourceTree = "<group>";
		};
		8EF097942CF8DB3500FDBBA9 /* IdeasTests */ = {
			isa = PBXFileSystemSynchronizedRootGroup;
			path = IdeasTests;
			sourceTree = "<group>";
		};
		8EF0979E2CF8DB3500FDBBA9 /* IdeasUITests */ = {
			isa = PBXFileSystemSynchronizedRootGroup;
			path = IdeasUITests;
			sourceTree = "<group>";
		};
/* End PBXFileSystemSynchronizedRootGroup section */

/* Begin PBXFrameworksBuildPhase section */
		8EF0977E2CF8DB3400FDBBA9 /* Frameworks */ = {
			isa = PBXFrameworksBuildPhase;
			buildActionMask = 2147483647;
			files = (
				8EF097CD2CFCE3EC00FDBBA9 /* FirebaseCrashlytics in Frameworks */,
				8EF097C92CFCE3EC00FDBBA9 /* FirebaseAnalytics in Frameworks */,
				8E3EDCD42D0F7A250060EFAE /* FirebaseDatabase in Frameworks */,
				8EF097CB2CFCE3EC00FDBBA9 /* FirebaseAuth in Frameworks */,
			);
			runOnlyForDeploymentPostprocessing = 0;
		};
		8EF0978E2CF8DB3500FDBBA9 /* Frameworks */ = {
			isa = PBXFrameworksBuildPhase;
			buildActionMask = 2147483647;
			files = (
			);
			runOnlyForDeploymentPostprocessing = 0;
		};
		8EF097982CF8DB3500FDBBA9 /* Frameworks */ = {
			isa = PBXFrameworksBuildPhase;
			buildActionMask = 2147483647;
			files = (
			);
			runOnlyForDeploymentPostprocessing = 0;
		};
/* End PBXFrameworksBuildPhase section */

/* Begin PBXGroup section */
		8E3EDCD22D0F7A250060EFAE /* Frameworks */ = {
			isa = PBXGroup;
			children = (
			);
			name = Frameworks;
			sourceTree = "<group>";
		};
		8EF097782CF8DB3400FDBBA9 = {
			isa = PBXGroup;
			children = (
				8EF097832CF8DB3400FDBBA9 /* Ideas */,
				8EF097942CF8DB3500FDBBA9 /* IdeasTests */,
				8EF0979E2CF8DB3500FDBBA9 /* IdeasUITests */,
				8E3EDCD22D0F7A250060EFAE /* Frameworks */,
				8EF097822CF8DB3400FDBBA9 /* Products */,
			);
			sourceTree = "<group>";
		};
		8EF097822CF8DB3400FDBBA9 /* Products */ = {
			isa = PBXGroup;
			children = (
				8EF097812CF8DB3400FDBBA9 /* Ideas.app */,
				8EF097912CF8DB3500FDBBA9 /* IdeasTests.xctest */,
				8EF0979B2CF8DB3500FDBBA9 /* IdeasUITests.xctest */,
			);
			name = Products;
			sourceTree = "<group>";
		};
/* End PBXGroup section */

/* Begin PBXNativeTarget section */
		8EF097802CF8DB3400FDBBA9 /* Ideas */ = {
			isa = PBXNativeTarget;
			buildConfigurationList = 8EF097A52CF8DB3500FDBBA9 /* Build configuration list for PBXNativeTarget "Ideas" */;
			buildPhases = (
				8EF0977D2CF8DB3400FDBBA9 /* Sources */,
				8EF0977E2CF8DB3400FDBBA9 /* Frameworks */,
				8EF0977F2CF8DB3400FDBBA9 /* Resources */,
			);
			buildRules = (
			);
			dependencies = (
			);
			fileSystemSynchronizedGroups = (
				8EF097832CF8DB3400FDBBA9 /* Ideas */,
			);
			name = Ideas;
			packageProductDependencies = (
				8EF097C82CFCE3EC00FDBBA9 /* FirebaseAnalytics */,
				8EF097CA2CFCE3EC00FDBBA9 /* FirebaseAuth */,
				8EF097CC2CFCE3EC00FDBBA9 /* FirebaseCrashlytics */,
				8E3EDCD32D0F7A250060EFAE /* FirebaseDatabase */,
			);
			productName = Ideas;
			productReference = 8EF097812CF8DB3400FDBBA9 /* Ideas.app */;
			productType = "com.apple.product-type.application";
		};
		8EF097902CF8DB3500FDBBA9 /* IdeasTests */ = {
			isa = PBXNativeTarget;
			buildConfigurationList = 8EF097A82CF8DB3500FDBBA9 /* Build configuration list for PBXNativeTarget "IdeasTests" */;
			buildPhases = (
				8EF0978D2CF8DB3500FDBBA9 /* Sources */,
				8EF0978E2CF8DB3500FDBBA9 /* Frameworks */,
				8EF0978F2CF8DB3500FDBBA9 /* Resources */,
			);
			buildRules = (
			);
			dependencies = (
				8EF097932CF8DB3500FDBBA9 /* PBXTargetDependency */,
			);
			fileSystemSynchronizedGroups = (
				8EF097942CF8DB3500FDBBA9 /* IdeasTests */,
			);
			name = IdeasTests;
			packageProductDependencies = (
			);
			productName = IdeasTests;
			productReference = 8EF097912CF8DB3500FDBBA9 /* IdeasTests.xctest */;
			productType = "com.apple.product-type.bundle.unit-test";
		};
		8EF0979A2CF8DB3500FDBBA9 /* IdeasUITests */ = {
			isa = PBXNativeTarget;
			buildConfigurationList = 8EF097AB2CF8DB3500FDBBA9 /* Build configuration list for PBXNativeTarget "IdeasUITests" */;
			buildPhases = (
				8EF097972CF8DB3500FDBBA9 /* Sources */,
				8EF097982CF8DB3500FDBBA9 /* Frameworks */,
				8EF097992CF8DB3500FDBBA9 /* Resources */,
			);
			buildRules = (
			);
			dependencies = (
				8EF0979D2CF8DB3500FDBBA9 /* PBXTargetDependency */,
			);
			fileSystemSynchronizedGroups = (
				8EF0979E2CF8DB3500FDBBA9 /* IdeasUITests */,
			);
			name = IdeasUITests;
			packageProductDependencies = (
			);
			productName = IdeasUITests;
			productReference = 8EF0979B2CF8DB3500FDBBA9 /* IdeasUITests.xctest */;
			productType = "com.apple.product-type.bundle.ui-testing";
		};
/* End PBXNativeTarget section */

/* Begin PBXProject section */
		8EF097792CF8DB3400FDBBA9 /* Project object */ = {
			isa = PBXProject;
			attributes = {
				BuildIndependentTargetsInParallel = 1;
				LastSwiftUpdateCheck = 1610;
				LastUpgradeCheck = 1610;
				TargetAttributes = {
					8EF097802CF8DB3400FDBBA9 = {
						CreatedOnToolsVersion = 16.1;
					};
					8EF097902CF8DB3500FDBBA9 = {
						CreatedOnToolsVersion = 16.1;
						TestTargetID = 8EF097802CF8DB3400FDBBA9;
					};
					8EF0979A2CF8DB3500FDBBA9 = {
						CreatedOnToolsVersion = 16.1;
						TestTargetID = 8EF097802CF8DB3400FDBBA9;
					};
				};
			};
			buildConfigurationList = 8EF0977C2CF8DB3400FDBBA9 /* Build configuration list for PBXProject "Ideas" */;
			developmentRegion = en;
			hasScannedForEncodings = 0;
			knownRegions = (
				en,
				Base,
			);
			mainGroup = 8EF097782CF8DB3400FDBBA9;
			minimizedProjectReferenceProxies = 1;
			packageReferences = (
				8EF097C72CFCE3EC00FDBBA9 /* XCRemoteSwiftPackageReference "firebase-ios-sdk" */,
			);
			preferredProjectObjectVersion = 77;
			productRefGroup = 8EF097822CF8DB3400FDBBA9 /* Products */;
			projectDirPath = "";
			projectRoot = "";
			targets = (
				8EF097802CF8DB3400FDBBA9 /* Ideas */,
				8EF097902CF8DB3500FDBBA9 /* IdeasTests */,
				8EF0979A2CF8DB3500FDBBA9 /* IdeasUITests */,
			);
		};
/* End PBXProject section */

/* Begin PBXResourcesBuildPhase section */
		8EF0977F2CF8DB3400FDBBA9 /* Resources */ = {
			isa = PBXResourcesBuildPhase;
			buildActionMask = 2147483647;
			files = (
			);
			runOnlyForDeploymentPostprocessing = 0;
		};
		8EF0978F2CF8DB3500FDBBA9 /* Resources */ = {
			isa = PBXResourcesBuildPhase;
			buildActionMask = 2147483647;
			files = (
			);
			runOnlyForDeploymentPostprocessing = 0;
		};
		8EF097992CF8DB3500FDBBA9 /* Resources */ = {
			isa = PBXResourcesBuildPhase;
			buildActionMask = 2147483647;
			files = (
			);
			runOnlyForDeploymentPostprocessing = 0;
		};
/* End PBXResourcesBuildPhase section */

/* Begin PBXSourcesBuildPhase section */
		8EF0977D2CF8DB3400FDBBA9 /* Sources */ = {
			isa = PBXSourcesBuildPhase;
			buildActionMask = 2147483647;
			files = (
			);
			runOnlyForDeploymentPostprocessing = 0;
		};
		8EF0978D2CF8DB3500FDBBA9 /* Sources */ = {
			isa = PBXSourcesBuildPhase;
			buildActionMask = 2147483647;
			files = (
			);
			runOnlyForDeploymentPostprocessing = 0;
		};
		8EF097972CF8DB3500FDBBA9 /* Sources */ = {
			isa = PBXSourcesBuildPhase;
			buildActionMask = 2147483647;
			files = (
			);
			runOnlyForDeploymentPostprocessing = 0;
		};
/* End PBXSourcesBuildPhase section */

/* Begin PBXTargetDependency section */
		8EF097932CF8DB3500FDBBA9 /* PBXTargetDependency */ = {
			isa = PBXTargetDependency;
			target = 8EF097802CF8DB3400FDBBA9 /* Ideas */;
			targetProxy = 8EF097922CF8DB3500FDBBA9 /* PBXContainerItemProxy */;
		};
		8EF0979D2CF8DB3500FDBBA9 /* PBXTargetDependency */ = {
			isa = PBXTargetDependency;
			target = 8EF097802CF8DB3400FDBBA9 /* Ideas */;
			targetProxy = 8EF0979C2CF8DB3500FDBBA9 /* PBXContainerItemProxy */;
		};
/* End PBXTargetDependency section */

/* Begin XCBuildConfiguration section */
		8EF097A32CF8DB3500FDBBA9 /* Debug */ = {
			isa = XCBuildConfiguration;
			buildSettings = {
				ALWAYS_SEARCH_USER_PATHS = NO;
				ASSETCATALOG_COMPILER_GENERATE_SWIFT_ASSET_SYMBOL_EXTENSIONS = YES;
				CLANG_ANALYZER_NONNULL = YES;
				CLANG_ANALYZER_NUMBER_OBJECT_CONVERSION = YES_AGGRESSIVE;
				CLANG_CXX_LANGUAGE_STANDARD = "gnu++20";
				CLANG_ENABLE_MODULES = YES;
				CLANG_ENABLE_OBJC_ARC = YES;
				CLANG_ENABLE_OBJC_WEAK = YES;
				CLANG_WARN_BLOCK_CAPTURE_AUTORELEASING = YES;
				CLANG_WARN_BOOL_CONVERSION = YES;
				CLANG_WARN_COMMA = YES;
				CLANG_WARN_CONSTANT_CONVERSION = YES;
				CLANG_WARN_DEPRECATED_OBJC_IMPLEMENTATIONS = YES;
				CLANG_WARN_DIRECT_OBJC_ISA_USAGE = YES_ERROR;
				CLANG_WARN_DOCUMENTATION_COMMENTS = YES;
				CLANG_WARN_EMPTY_BODY = YES;
				CLANG_WARN_ENUM_CONVERSION = YES;
				CLANG_WARN_INFINITE_RECURSION = YES;
				CLANG_WARN_INT_CONVERSION = YES;
				CLANG_WARN_NON_LITERAL_NULL_CONVERSION = YES;
				CLANG_WARN_OBJC_IMPLICIT_RETAIN_SELF = YES;
				CLANG_WARN_OBJC_LITERAL_CONVERSION = YES;
				CLANG_WARN_OBJC_ROOT_CLASS = YES_ERROR;
				CLANG_WARN_QUOTED_INCLUDE_IN_FRAMEWORK_HEADER = YES;
				CLANG_WARN_RANGE_LOOP_ANALYSIS = YES;
				CLANG_WARN_STRICT_PROTOTYPES = YES;
				CLANG_WARN_SUSPICIOUS_MOVE = YES;
				CLANG_WARN_UNGUARDED_AVAILABILITY = YES_AGGRESSIVE;
				CLANG_WARN_UNREACHABLE_CODE = YES;
				CLANG_WARN__DUPLICATE_METHOD_MATCH = YES;
				COPY_PHASE_STRIP = NO;
				DEBUG_INFORMATION_FORMAT = dwarf;
				ENABLE_STRICT_OBJC_MSGSEND = YES;
				ENABLE_TESTABILITY = YES;
				ENABLE_USER_SCRIPT_SANDBOXING = YES;
				GCC_C_LANGUAGE_STANDARD = gnu17;
				GCC_DYNAMIC_NO_PIC = NO;
				GCC_NO_COMMON_BLOCKS = YES;
				GCC_OPTIMIZATION_LEVEL = 0;
				GCC_PREPROCESSOR_DEFINITIONS = (
					"DEBUG=1",
					"$(inherited)",
				);
				GCC_WARN_64_TO_32_BIT_CONVERSION = YES;
				GCC_WARN_ABOUT_RETURN_TYPE = YES_ERROR;
				GCC_WARN_UNDECLARED_SELECTOR = YES;
				GCC_WARN_UNINITIALIZED_AUTOS = YES_AGGRESSIVE;
				GCC_WARN_UNUSED_FUNCTION = YES;
				GCC_WARN_UNUSED_VARIABLE = YES;
				IPHONEOS_DEPLOYMENT_TARGET = 18.1;
				LOCALIZATION_PREFERS_STRING_CATALOGS = YES;
				MTL_ENABLE_DEBUG_INFO = INCLUDE_SOURCE;
				MTL_FAST_MATH = YES;
				ONLY_ACTIVE_ARCH = YES;
				SDKROOT = iphoneos;
				SWIFT_ACTIVE_COMPILATION_CONDITIONS = "DEBUG $(inherited)";
				SWIFT_OPTIMIZATION_LEVEL = "-Onone";
			};
			name = Debug;
		};
		8EF097A42CF8DB3500FDBBA9 /* Release */ = {
			isa = XCBuildConfiguration;
			buildSettings = {
				ALWAYS_SEARCH_USER_PATHS = NO;
				ASSETCATALOG_COMPILER_GENERATE_SWIFT_ASSET_SYMBOL_EXTENSIONS = YES;
				CLANG_ANALYZER_NONNULL = YES;
				CLANG_ANALYZER_NUMBER_OBJECT_CONVERSION = YES_AGGRESSIVE;
				CLANG_CXX_LANGUAGE_STANDARD = "gnu++20";
				CLANG_ENABLE_MODULES = YES;
				CLANG_ENABLE_OBJC_ARC = YES;
				CLANG_ENABLE_OBJC_WEAK = YES;
				CLANG_WARN_BLOCK_CAPTURE_AUTORELEASING = YES;
				CLANG_WARN_BOOL_CONVERSION = YES;
				CLANG_WARN_COMMA = YES;
				CLANG_WARN_CONSTANT_CONVERSION = YES;
				CLANG_WARN_DEPRECATED_OBJC_IMPLEMENTATIONS = YES;
				CLANG_WARN_DIRECT_OBJC_ISA_USAGE = YES_ERROR;
				CLANG_WARN_DOCUMENTATION_COMMENTS = YES;
				CLANG_WARN_EMPTY_BODY = YES;
				CLANG_WARN_ENUM_CONVERSION = YES;
				CLANG_WARN_INFINITE_RECURSION = YES;
				CLANG_WARN_INT_CONVERSION = YES;
				CLANG_WARN_NON_LITERAL_NULL_CONVERSION = YES;
				CLANG_WARN_OBJC_IMPLICIT_RETAIN_SELF = YES;
				CLANG_WARN_OBJC_LITERAL_CONVERSION = YES;
				CLANG_WARN_OBJC_ROOT_CLASS = YES_ERROR;
				CLANG_WARN_QUOTED_INCLUDE_IN_FRAMEWORK_HEADER = YES;
				CLANG_WARN_RANGE_LOOP_ANALYSIS = YES;
				CLANG_WARN_STRICT_PROTOTYPES = YES;
				CLANG_WARN_SUSPICIOUS_MOVE = YES;
				CLANG_WARN_UNGUARDED_AVAILABILITY = YES_AGGRESSIVE;
				CLANG_WARN_UNREACHABLE_CODE = YES;
				CLANG_WARN__DUPLICATE_METHOD_MATCH = YES;
				COPY_PHASE_STRIP = NO;
				DEBUG_INFORMATION_FORMAT = "dwarf-with-dsym";
				ENABLE_NS_ASSERTIONS = NO;
				ENABLE_STRICT_OBJC_MSGSEND = YES;
				ENABLE_USER_SCRIPT_SANDBOXING = YES;
				GCC_C_LANGUAGE_STANDARD = gnu17;
				GCC_NO_COMMON_BLOCKS = YES;
				GCC_WARN_64_TO_32_BIT_CONVERSION = YES;
				GCC_WARN_ABOUT_RETURN_TYPE = YES_ERROR;
				GCC_WARN_UNDECLARED_SELECTOR = YES;
				GCC_WARN_UNINITIALIZED_AUTOS = YES_AGGRESSIVE;
				GCC_WARN_UNUSED_FUNCTION = YES;
				GCC_WARN_UNUSED_VARIABLE = YES;
				IPHONEOS_DEPLOYMENT_TARGET = 18.1;
				LOCALIZATION_PREFERS_STRING_CATALOGS = YES;
				MTL_ENABLE_DEBUG_INFO = NO;
				MTL_FAST_MATH = YES;
				SDKROOT = iphoneos;
				SWIFT_COMPILATION_MODE = wholemodule;
				VALIDATE_PRODUCT = YES;
			};
			name = Release;
		};
		8EF097A62CF8DB3500FDBBA9 /* Debug */ = {
			isa = XCBuildConfiguration;
			buildSettings = {
				ASSETCATALOG_COMPILER_APPICON_NAME = AppIcon;
				ASSETCATALOG_COMPILER_GLOBAL_ACCENT_COLOR_NAME = AccentColor;
				CODE_SIGN_STYLE = Automatic;
				CURRENT_PROJECT_VERSION = 1;
				DEVELOPMENT_ASSET_PATHS = "\"Ideas/Preview Content\"";
				ENABLE_PREVIEWS = YES;
				GENERATE_INFOPLIST_FILE = YES;
				INFOPLIST_KEY_UIApplicationSceneManifest_Generation = YES;
				INFOPLIST_KEY_UIApplicationSupportsIndirectInputEvents = YES;
				INFOPLIST_KEY_UILaunchScreen_Generation = YES;
				INFOPLIST_KEY_UISupportedInterfaceOrientations_iPad = "UIInterfaceOrientationPortrait UIInterfaceOrientationPortraitUpsideDown UIInterfaceOrientationLandscapeLeft UIInterfaceOrientationLandscapeRight";
				INFOPLIST_KEY_UISupportedInterfaceOrientations_iPhone = "UIInterfaceOrientationPortrait UIInterfaceOrientationLandscapeLeft UIInterfaceOrientationLandscapeRight";
				LD_RUNPATH_SEARCH_PATHS = (
					"$(inherited)",
					"@executable_path/Frameworks",
				);
				MARKETING_VERSION = 1.0;
				PRODUCT_BUNDLE_IDENTIFIER = com.vokilam.ideas;
				PRODUCT_NAME = "$(TARGET_NAME)";
				SWIFT_EMIT_LOC_STRINGS = YES;
				SWIFT_VERSION = 5.0;
				TARGETED_DEVICE_FAMILY = "1,2";
			};
			name = Debug;
		};
		8EF097A72CF8DB3500FDBBA9 /* Release */ = {
			isa = XCBuildConfiguration;
			buildSettings = {
				ASSETCATALOG_COMPILER_APPICON_NAME = AppIcon;
				ASSETCATALOG_COMPILER_GLOBAL_ACCENT_COLOR_NAME = AccentColor;
				CODE_SIGN_STYLE = Automatic;
				CURRENT_PROJECT_VERSION = 1;
				DEVELOPMENT_ASSET_PATHS = "\"Ideas/Preview Content\"";
				ENABLE_PREVIEWS = YES;
				GENERATE_INFOPLIST_FILE = YES;
				INFOPLIST_KEY_UIApplicationSceneManifest_Generation = YES;
				INFOPLIST_KEY_UIApplicationSupportsIndirectInputEvents = YES;
				INFOPLIST_KEY_UILaunchScreen_Generation = YES;
				INFOPLIST_KEY_UISupportedInterfaceOrientations_iPad = "UIInterfaceOrientationPortrait UIInterfaceOrientationPortraitUpsideDown UIInterfaceOrientationLandscapeLeft UIInterfaceOrientationLandscapeRight";
				INFOPLIST_KEY_UISupportedInterfaceOrientations_iPhone = "UIInterfaceOrientationPortrait UIInterfaceOrientationLandscapeLeft UIInterfaceOrientationLandscapeRight";
				LD_RUNPATH_SEARCH_PATHS = (
					"$(inherited)",
					"@executable_path/Frameworks",
				);
				MARKETING_VERSION = 1.0;
				PRODUCT_BUNDLE_IDENTIFIER = com.vokilam.ideas;
				PRODUCT_NAME = "$(TARGET_NAME)";
				SWIFT_EMIT_LOC_STRINGS = YES;
				SWIFT_VERSION = 5.0;
				TARGETED_DEVICE_FAMILY = "1,2";
			};
			name = Release;
		};
		8EF097A92CF8DB3500FDBBA9 /* Debug */ = {
			isa = XCBuildConfiguration;
			buildSettings = {
				BUNDLE_LOADER = "$(TEST_HOST)";
				CODE_SIGN_STYLE = Automatic;
				CURRENT_PROJECT_VERSION = 1;
				GENERATE_INFOPLIST_FILE = YES;
				IPHONEOS_DEPLOYMENT_TARGET = 18.1;
				MARKETING_VERSION = 1.0;
				PRODUCT_BUNDLE_IDENTIFIER = com.vokilam.IdeasTests;
				PRODUCT_NAME = "$(TARGET_NAME)";
				SWIFT_EMIT_LOC_STRINGS = NO;
				SWIFT_VERSION = 5.0;
				TARGETED_DEVICE_FAMILY = "1,2";
				TEST_HOST = "$(BUILT_PRODUCTS_DIR)/Ideas.app/$(BUNDLE_EXECUTABLE_FOLDER_PATH)/Ideas";
			};
			name = Debug;
		};
		8EF097AA2CF8DB3500FDBBA9 /* Release */ = {
			isa = XCBuildConfiguration;
			buildSettings = {
				BUNDLE_LOADER = "$(TEST_HOST)";
				CODE_SIGN_STYLE = Automatic;
				CURRENT_PROJECT_VERSION = 1;
				GENERATE_INFOPLIST_FILE = YES;
				IPHONEOS_DEPLOYMENT_TARGET = 18.1;
				MARKETING_VERSION = 1.0;
				PRODUCT_BUNDLE_IDENTIFIER = com.vokilam.IdeasTests;
				PRODUCT_NAME = "$(TARGET_NAME)";
				SWIFT_EMIT_LOC_STRINGS = NO;
				SWIFT_VERSION = 5.0;
				TARGETED_DEVICE_FAMILY = "1,2";
				TEST_HOST = "$(BUILT_PRODUCTS_DIR)/Ideas.app/$(BUNDLE_EXECUTABLE_FOLDER_PATH)/Ideas";
			};
			name = Release;
		};
		8EF097AC2CF8DB3500FDBBA9 /* Debug */ = {
			isa = XCBuildConfiguration;
			buildSettings = {
				CODE_SIGN_STYLE = Automatic;
				CURRENT_PROJECT_VERSION = 1;
				GENERATE_INFOPLIST_FILE = YES;
				MARKETING_VERSION = 1.0;
				PRODUCT_BUNDLE_IDENTIFIER = com.vokilam.IdeasUITests;
				PRODUCT_NAME = "$(TARGET_NAME)";
				SWIFT_EMIT_LOC_STRINGS = NO;
				SWIFT_VERSION = 5.0;
				TARGETED_DEVICE_FAMILY = "1,2";
				TEST_TARGET_NAME = Ideas;
			};
			name = Debug;
		};
		8EF097AD2CF8DB3500FDBBA9 /* Release */ = {
			isa = XCBuildConfiguration;
			buildSettings = {
				CODE_SIGN_STYLE = Automatic;
				CURRENT_PROJECT_VERSION = 1;
				GENERATE_INFOPLIST_FILE = YES;
				MARKETING_VERSION = 1.0;
				PRODUCT_BUNDLE_IDENTIFIER = com.vokilam.IdeasUITests;
				PRODUCT_NAME = "$(TARGET_NAME)";
				SWIFT_EMIT_LOC_STRINGS = NO;
				SWIFT_VERSION = 5.0;
				TARGETED_DEVICE_FAMILY = "1,2";
				TEST_TARGET_NAME = Ideas;
			};
			name = Release;
		};
/* End XCBuildConfiguration section */

/* Begin XCConfigurationList section */
		8EF0977C2CF8DB3400FDBBA9 /* Build configuration list for PBXProject "Ideas" */ = {
			isa = XCConfigurationList;
			buildConfigurations = (
				8EF097A32CF8DB3500FDBBA9 /* Debug */,
				8EF097A42CF8DB3500FDBBA9 /* Release */,
			);
			defaultConfigurationIsVisible = 0;
			defaultConfigurationName = Release;
		};
		8EF097A52CF8DB3500FDBBA9 /* Build configuration list for PBXNativeTarget "Ideas" */ = {
			isa = XCConfigurationList;
			buildConfigurations = (
				8EF097A62CF8DB3500FDBBA9 /* Debug */,
				8EF097A72CF8DB3500FDBBA9 /* Release */,
			);
			defaultConfigurationIsVisible = 0;
			defaultConfigurationName = Release;
		};
		8EF097A82CF8DB3500FDBBA9 /* Build configuration list for PBXNativeTarget "IdeasTests" */ = {
			isa = XCConfigurationList;
			buildConfigurations = (
				8EF097A92CF8DB3500FDBBA9 /* Debug */,
				8EF097AA2CF8DB3500FDBBA9 /* Release */,
			);
			defaultConfigurationIsVisible = 0;
			defaultConfigurationName = Release;
		};
		8EF097AB2CF8DB3500FDBBA9 /* Build configuration list for PBXNativeTarget "IdeasUITests" */ = {
			isa = XCConfigurationList;
			buildConfigurations = (
				8EF097AC2CF8DB3500FDBBA9 /* Debug */,
				8EF097AD2CF8DB3500FDBBA9 /* Release */,
			);
			defaultConfigurationIsVisible = 0;
			defaultConfigurationName = Release;
		};
/* End XCConfigurationList section */

/* Begin XCRemoteSwiftPackageReference section */
		8EF097C72CFCE3EC00FDBBA9 /* XCRemoteSwiftPackageReference "firebase-ios-sdk" */ = {
			isa = XCRemoteSwiftPackageReference;
			repositoryURL = "https://github.com/firebase/firebase-ios-sdk";
			requirement = {
				kind = upToNextMajorVersion;
				minimumVersion = 11.5.0;
			};
		};
/* End XCRemoteSwiftPackageReference section */

/* Begin XCSwiftPackageProductDependency section */
		8E3EDCD32D0F7A250060EFAE /* FirebaseDatabase */ = {
			isa = XCSwiftPackageProductDependency;
			package = 8EF097C72CFCE3EC00FDBBA9 /* XCRemoteSwiftPackageReference "firebase-ios-sdk" */;
			productName = FirebaseDatabase;
		};
		8EF097C82CFCE3EC00FDBBA9 /* FirebaseAnalytics */ = {
			isa = XCSwiftPackageProductDependency;
			package = 8EF097C72CFCE3EC00FDBBA9 /* XCRemoteSwiftPackageReference "firebase-ios-sdk" */;
			productName = FirebaseAnalytics;
		};
		8EF097CA2CFCE3EC00FDBBA9 /* FirebaseAuth */ = {
			isa = XCSwiftPackageProductDependency;
			package = 8EF097C72CFCE3EC00FDBBA9 /* XCRemoteSwiftPackageReference "firebase-ios-sdk" */;
			productName = FirebaseAuth;
		};
		8EF097CC2CFCE3EC00FDBBA9 /* FirebaseCrashlytics */ = {
			isa = XCSwiftPackageProductDependency;
			package = 8EF097C72CFCE3EC00FDBBA9 /* XCRemoteSwiftPackageReference "firebase-ios-sdk" */;
			productName = FirebaseCrashlytics;
		};
/* End XCSwiftPackageProductDependency section */
	};
	rootObject = 8EF097792CF8DB3400FDBBA9 /* Project object */;
}
